// !$*UTF8*$!
{
	archiveVersion = 1;
	classes = {
	};
	objectVersion = 56;
	objects = {

/* Begin PBXBuildFile section */
		9008476B2C77CDA0002DDD6D /* MoviesList.framework in Frameworks */ = {isa = PBXBuildFile; fileRef = 900847622C77CD9F002DDD6D /* MoviesList.framework */; };
		900847712C77CDA0002DDD6D /* MoviesList.h in Headers */ = {isa = PBXBuildFile; fileRef = 900847652C77CD9F002DDD6D /* MoviesList.h */; settings = {ATTRIBUTES = (Public, ); }; };
		9008477B2C77CE13002DDD6D /* MovieCategory.swift in Sources */ = {isa = PBXBuildFile; fileRef = 9008477A2C77CE13002DDD6D /* MovieCategory.swift */; };
		9008477D2C77CE2A002DDD6D /* Movie.swift in Sources */ = {isa = PBXBuildFile; fileRef = 9008477C2C77CE2A002DDD6D /* Movie.swift */; };
		900847912C78C995002DDD6D /* SharedTestHelpers.swift in Sources */ = {isa = PBXBuildFile; fileRef = 900847902C78C995002DDD6D /* SharedTestHelpers.swift */; };
		900847932C78C9D9002DDD6D /* MoviesListMapperTests.swift in Sources */ = {isa = PBXBuildFile; fileRef = 900847922C78C9D9002DDD6D /* MoviesListMapperTests.swift */; };
		900847952C78CA01002DDD6D /* MoviesListMapper.swift in Sources */ = {isa = PBXBuildFile; fileRef = 900847942C78CA01002DDD6D /* MoviesListMapper.swift */; };
		900847992C78CC52002DDD6D /* URLSessionHTTPClientTests.swift in Sources */ = {isa = PBXBuildFile; fileRef = 900847982C78CC52002DDD6D /* URLSessionHTTPClientTests.swift */; };
		9008479B2C78CC93002DDD6D /* URLProtocolStub.swift in Sources */ = {isa = PBXBuildFile; fileRef = 9008479A2C78CC93002DDD6D /* URLProtocolStub.swift */; };
		9008479E2C78CD0A002DDD6D /* HTTPClient.swift in Sources */ = {isa = PBXBuildFile; fileRef = 9008479D2C78CD0A002DDD6D /* HTTPClient.swift */; };
		900847A12C78CE8C002DDD6D /* URLSessionHTTPClient.swift in Sources */ = {isa = PBXBuildFile; fileRef = 900847A02C78CE8C002DDD6D /* URLSessionHTTPClient.swift */; };
		900847A32C78CEC4002DDD6D /* XCTestCase+MemoryLeaksTracking.swift in Sources */ = {isa = PBXBuildFile; fileRef = 900847A22C78CEC4002DDD6D /* XCTestCase+MemoryLeaksTracking.swift */; };
		900847AB2C78D2D3002DDD6D /* MoviesAPIEndToEndTests.swift in Sources */ = {isa = PBXBuildFile; fileRef = 900847AA2C78D2D3002DDD6D /* MoviesAPIEndToEndTests.swift */; };
		900847AC2C78D2D3002DDD6D /* MoviesList.framework in Frameworks */ = {isa = PBXBuildFile; fileRef = 900847622C77CD9F002DDD6D /* MoviesList.framework */; };
		900847B22C78D37C002DDD6D /* SharedTestHelpers.swift in Sources */ = {isa = PBXBuildFile; fileRef = 900847902C78C995002DDD6D /* SharedTestHelpers.swift */; };
		900847B32C78D3BE002DDD6D /* XCTestCase+MemoryLeaksTracking.swift in Sources */ = {isa = PBXBuildFile; fileRef = 900847A22C78CEC4002DDD6D /* XCTestCase+MemoryLeaksTracking.swift */; };
		900847CE2C86297D002DDD6D /* MoviesEndpoint.swift in Sources */ = {isa = PBXBuildFile; fileRef = 900847CD2C86297D002DDD6D /* MoviesEndpoint.swift */; };
/* End PBXBuildFile section */

/* Begin PBXContainerItemProxy section */
		9008476C2C77CDA0002DDD6D /* PBXContainerItemProxy */ = {
			isa = PBXContainerItemProxy;
			containerPortal = 900847592C77CD9F002DDD6D /* Project object */;
			proxyType = 1;
			remoteGlobalIDString = 900847612C77CD9F002DDD6D;
			remoteInfo = MoviesList;
		};
		900847AD2C78D2D3002DDD6D /* PBXContainerItemProxy */ = {
			isa = PBXContainerItemProxy;
			containerPortal = 900847592C77CD9F002DDD6D /* Project object */;
			proxyType = 1;
			remoteGlobalIDString = 900847612C77CD9F002DDD6D;
			remoteInfo = MoviesList;
		};
/* End PBXContainerItemProxy section */

/* Begin PBXFileReference section */
		900847622C77CD9F002DDD6D /* MoviesList.framework */ = {isa = PBXFileReference; explicitFileType = wrapper.framework; includeInIndex = 0; path = MoviesList.framework; sourceTree = BUILT_PRODUCTS_DIR; };
		900847652C77CD9F002DDD6D /* MoviesList.h */ = {isa = PBXFileReference; lastKnownFileType = sourcecode.c.h; path = MoviesList.h; sourceTree = "<group>"; };
		9008476A2C77CDA0002DDD6D /* MoviesListTests.xctest */ = {isa = PBXFileReference; explicitFileType = wrapper.cfbundle; includeInIndex = 0; path = MoviesListTests.xctest; sourceTree = BUILT_PRODUCTS_DIR; };
		9008477A2C77CE13002DDD6D /* MovieCategory.swift */ = {isa = PBXFileReference; lastKnownFileType = sourcecode.swift; path = MovieCategory.swift; sourceTree = "<group>"; };
		9008477C2C77CE2A002DDD6D /* Movie.swift */ = {isa = PBXFileReference; lastKnownFileType = sourcecode.swift; path = Movie.swift; sourceTree = "<group>"; };
		900847902C78C995002DDD6D /* SharedTestHelpers.swift */ = {isa = PBXFileReference; lastKnownFileType = sourcecode.swift; path = SharedTestHelpers.swift; sourceTree = "<group>"; };
		900847922C78C9D9002DDD6D /* MoviesListMapperTests.swift */ = {isa = PBXFileReference; lastKnownFileType = sourcecode.swift; path = MoviesListMapperTests.swift; sourceTree = "<group>"; };
		900847942C78CA01002DDD6D /* MoviesListMapper.swift */ = {isa = PBXFileReference; lastKnownFileType = sourcecode.swift; path = MoviesListMapper.swift; sourceTree = "<group>"; };
		900847982C78CC52002DDD6D /* URLSessionHTTPClientTests.swift */ = {isa = PBXFileReference; lastKnownFileType = sourcecode.swift; path = URLSessionHTTPClientTests.swift; sourceTree = "<group>"; };
		9008479A2C78CC93002DDD6D /* URLProtocolStub.swift */ = {isa = PBXFileReference; lastKnownFileType = sourcecode.swift; path = URLProtocolStub.swift; sourceTree = "<group>"; };
		9008479D2C78CD0A002DDD6D /* HTTPClient.swift */ = {isa = PBXFileReference; lastKnownFileType = sourcecode.swift; path = HTTPClient.swift; sourceTree = "<group>"; };
		900847A02C78CE8C002DDD6D /* URLSessionHTTPClient.swift */ = {isa = PBXFileReference; lastKnownFileType = sourcecode.swift; path = URLSessionHTTPClient.swift; sourceTree = "<group>"; };
		900847A22C78CEC4002DDD6D /* XCTestCase+MemoryLeaksTracking.swift */ = {isa = PBXFileReference; lastKnownFileType = sourcecode.swift; path = "XCTestCase+MemoryLeaksTracking.swift"; sourceTree = "<group>"; };
		900847A82C78D2D3002DDD6D /* MoviesAPIEndToEndTests.xctest */ = {isa = PBXFileReference; explicitFileType = wrapper.cfbundle; includeInIndex = 0; path = MoviesAPIEndToEndTests.xctest; sourceTree = BUILT_PRODUCTS_DIR; };
		900847AA2C78D2D3002DDD6D /* MoviesAPIEndToEndTests.swift */ = {isa = PBXFileReference; lastKnownFileType = sourcecode.swift; path = MoviesAPIEndToEndTests.swift; sourceTree = "<group>"; };
		900847B42C78DCC4002DDD6D /* CI_macOS.xctestplan */ = {isa = PBXFileReference; lastKnownFileType = text; path = CI_macOS.xctestplan; sourceTree = "<group>"; };
		900847B52C78DD51002DDD6D /* MoviesList.xctestplan */ = {isa = PBXFileReference; lastKnownFileType = text; path = MoviesList.xctestplan; sourceTree = "<group>"; };
		900847B62C78DE09002DDD6D /* MoviesAPIEndToEndTests.xctestplan */ = {isa = PBXFileReference; lastKnownFileType = text; path = MoviesAPIEndToEndTests.xctestplan; sourceTree = "<group>"; };
		900847CD2C86297D002DDD6D /* MoviesEndpoint.swift */ = {isa = PBXFileReference; lastKnownFileType = sourcecode.swift; path = MoviesEndpoint.swift; sourceTree = "<group>"; };
/* End PBXFileReference section */

/* Begin PBXFrameworksBuildPhase section */
		9008475F2C77CD9F002DDD6D /* Frameworks */ = {
			isa = PBXFrameworksBuildPhase;
			buildActionMask = 2147483647;
			files = (
			);
			runOnlyForDeploymentPostprocessing = 0;
		};
		900847672C77CDA0002DDD6D /* Frameworks */ = {
			isa = PBXFrameworksBuildPhase;
			buildActionMask = 2147483647;
			files = (
				9008476B2C77CDA0002DDD6D /* MoviesList.framework in Frameworks */,
			);
			runOnlyForDeploymentPostprocessing = 0;
		};
		900847A52C78D2D3002DDD6D /* Frameworks */ = {
			isa = PBXFrameworksBuildPhase;
			buildActionMask = 2147483647;
			files = (
				900847AC2C78D2D3002DDD6D /* MoviesList.framework in Frameworks */,
			);
			runOnlyForDeploymentPostprocessing = 0;
		};
/* End PBXFrameworksBuildPhase section */

/* Begin PBXGroup section */
		900847582C77CD9F002DDD6D = {
			isa = PBXGroup;
			children = (
				900847B62C78DE09002DDD6D /* MoviesAPIEndToEndTests.xctestplan */,
				900847B52C78DD51002DDD6D /* MoviesList.xctestplan */,
				900847B42C78DCC4002DDD6D /* CI_macOS.xctestplan */,
				900847642C77CD9F002DDD6D /* MoviesList */,
				9008476E2C77CDA0002DDD6D /* MoviesListTests */,
				900847A92C78D2D3002DDD6D /* MoviesAPIEndToEndTests */,
				900847632C77CD9F002DDD6D /* Products */,
			);
			sourceTree = "<group>";
		};
		900847632C77CD9F002DDD6D /* Products */ = {
			isa = PBXGroup;
			children = (
				900847622C77CD9F002DDD6D /* MoviesList.framework */,
				9008476A2C77CDA0002DDD6D /* MoviesListTests.xctest */,
				900847A82C78D2D3002DDD6D /* MoviesAPIEndToEndTests.xctest */,
			);
			name = Products;
			sourceTree = "<group>";
		};
		900847642C77CD9F002DDD6D /* MoviesList */ = {
			isa = PBXGroup;
			children = (
				900847652C77CD9F002DDD6D /* MoviesList.h */,
				900847832C77CEAC002DDD6D /* Domain */,
				9008479F2C78CE6F002DDD6D /* Shared API Infra */,
				9008479C2C78CCF9002DDD6D /* Shared API */,
				9008478D2C78C95F002DDD6D /* Movies API */,
			);
			path = MoviesList;
			sourceTree = "<group>";
		};
		9008476E2C77CDA0002DDD6D /* MoviesListTests */ = {
			isa = PBXGroup;
			children = (
				9008478F2C78C975002DDD6D /* Helpers */,
				900847962C78CC1F002DDD6D /* Shared API Infra */,
				9008478E2C78C96F002DDD6D /* Movies API */,
			);
			path = MoviesListTests;
			sourceTree = "<group>";
		};
		900847832C77CEAC002DDD6D /* Domain */ = {
			isa = PBXGroup;
			children = (
				9008477A2C77CE13002DDD6D /* MovieCategory.swift */,
				9008477C2C77CE2A002DDD6D /* Movie.swift */,
			);
			path = Domain;
			sourceTree = "<group>";
		};
		9008478D2C78C95F002DDD6D /* Movies API */ = {
			isa = PBXGroup;
			children = (
				900847942C78CA01002DDD6D /* MoviesListMapper.swift */,
				900847CD2C86297D002DDD6D /* MoviesEndpoint.swift */,
			);
			path = "Movies API";
			sourceTree = "<group>";
		};
		9008478E2C78C96F002DDD6D /* Movies API */ = {
			isa = PBXGroup;
			children = (
				900847922C78C9D9002DDD6D /* MoviesListMapperTests.swift */,
			);
			path = "Movies API";
			sourceTree = "<group>";
		};
		9008478F2C78C975002DDD6D /* Helpers */ = {
			isa = PBXGroup;
			children = (
				900847902C78C995002DDD6D /* SharedTestHelpers.swift */,
			);
			path = Helpers;
			sourceTree = "<group>";
		};
		900847962C78CC1F002DDD6D /* Shared API Infra */ = {
			isa = PBXGroup;
			children = (
				900847972C78CC37002DDD6D /* Helpers */,
				900847982C78CC52002DDD6D /* URLSessionHTTPClientTests.swift */,
			);
			path = "Shared API Infra";
			sourceTree = "<group>";
		};
		900847972C78CC37002DDD6D /* Helpers */ = {
			isa = PBXGroup;
			children = (
				9008479A2C78CC93002DDD6D /* URLProtocolStub.swift */,
				900847A22C78CEC4002DDD6D /* XCTestCase+MemoryLeaksTracking.swift */,
			);
			path = Helpers;
			sourceTree = "<group>";
		};
		9008479C2C78CCF9002DDD6D /* Shared API */ = {
			isa = PBXGroup;
			children = (
				9008479D2C78CD0A002DDD6D /* HTTPClient.swift */,
			);
			path = "Shared API";
			sourceTree = "<group>";
		};
		9008479F2C78CE6F002DDD6D /* Shared API Infra */ = {
			isa = PBXGroup;
			children = (
				900847A02C78CE8C002DDD6D /* URLSessionHTTPClient.swift */,
			);
			path = "Shared API Infra";
			sourceTree = "<group>";
		};
		900847A92C78D2D3002DDD6D /* MoviesAPIEndToEndTests */ = {
			isa = PBXGroup;
			children = (
				900847AA2C78D2D3002DDD6D /* MoviesAPIEndToEndTests.swift */,
			);
			path = MoviesAPIEndToEndTests;
			sourceTree = "<group>";
		};
/* End PBXGroup section */

/* Begin PBXHeadersBuildPhase section */
		9008475D2C77CD9F002DDD6D /* Headers */ = {
			isa = PBXHeadersBuildPhase;
			buildActionMask = 2147483647;
			files = (
				900847712C77CDA0002DDD6D /* MoviesList.h in Headers */,
			);
			runOnlyForDeploymentPostprocessing = 0;
		};
/* End PBXHeadersBuildPhase section */

/* Begin PBXNativeTarget section */
		900847612C77CD9F002DDD6D /* MoviesList */ = {
			isa = PBXNativeTarget;
			buildConfigurationList = 900847742C77CDA0002DDD6D /* Build configuration list for PBXNativeTarget "MoviesList" */;
			buildPhases = (
				9008475D2C77CD9F002DDD6D /* Headers */,
				9008475E2C77CD9F002DDD6D /* Sources */,
				9008475F2C77CD9F002DDD6D /* Frameworks */,
				900847602C77CD9F002DDD6D /* Resources */,
			);
			buildRules = (
			);
			dependencies = (
			);
			name = MoviesList;
			productName = MoviesList;
			productReference = 900847622C77CD9F002DDD6D /* MoviesList.framework */;
			productType = "com.apple.product-type.framework";
		};
		900847692C77CDA0002DDD6D /* MoviesListTests */ = {
			isa = PBXNativeTarget;
			buildConfigurationList = 900847772C77CDA0002DDD6D /* Build configuration list for PBXNativeTarget "MoviesListTests" */;
			buildPhases = (
				900847662C77CDA0002DDD6D /* Sources */,
				900847672C77CDA0002DDD6D /* Frameworks */,
				900847682C77CDA0002DDD6D /* Resources */,
			);
			buildRules = (
			);
			dependencies = (
				9008476D2C77CDA0002DDD6D /* PBXTargetDependency */,
			);
			name = MoviesListTests;
			productName = MoviesListTests;
			productReference = 9008476A2C77CDA0002DDD6D /* MoviesListTests.xctest */;
			productType = "com.apple.product-type.bundle.unit-test";
		};
		900847A72C78D2D3002DDD6D /* MoviesAPIEndToEndTests */ = {
			isa = PBXNativeTarget;
			buildConfigurationList = 900847AF2C78D2D3002DDD6D /* Build configuration list for PBXNativeTarget "MoviesAPIEndToEndTests" */;
			buildPhases = (
				900847A42C78D2D3002DDD6D /* Sources */,
				900847A52C78D2D3002DDD6D /* Frameworks */,
				900847A62C78D2D3002DDD6D /* Resources */,
			);
			buildRules = (
			);
			dependencies = (
				900847AE2C78D2D3002DDD6D /* PBXTargetDependency */,
			);
			name = MoviesAPIEndToEndTests;
			productName = MoviesAPIEndToEndTests;
			productReference = 900847A82C78D2D3002DDD6D /* MoviesAPIEndToEndTests.xctest */;
			productType = "com.apple.product-type.bundle.unit-test";
		};
/* End PBXNativeTarget section */

/* Begin PBXProject section */
		900847592C77CD9F002DDD6D /* Project object */ = {
			isa = PBXProject;
			attributes = {
				BuildIndependentTargetsInParallel = 1;
				LastSwiftUpdateCheck = 1540;
				LastUpgradeCheck = 1540;
				TargetAttributes = {
					900847612C77CD9F002DDD6D = {
						CreatedOnToolsVersion = 15.4;
						LastSwiftMigration = 1540;
					};
					900847692C77CDA0002DDD6D = {
						CreatedOnToolsVersion = 15.4;
						LastSwiftMigration = 1540;
					};
					900847A72C78D2D3002DDD6D = {
						CreatedOnToolsVersion = 15.4;
					};
				};
			};
			buildConfigurationList = 9008475C2C77CD9F002DDD6D /* Build configuration list for PBXProject "MoviesList" */;
			compatibilityVersion = "Xcode 14.0";
			developmentRegion = en;
			hasScannedForEncodings = 0;
			knownRegions = (
				en,
				Base,
			);
			mainGroup = 900847582C77CD9F002DDD6D;
			productRefGroup = 900847632C77CD9F002DDD6D /* Products */;
			projectDirPath = "";
			projectRoot = "";
			targets = (
				900847612C77CD9F002DDD6D /* MoviesList */,
				900847692C77CDA0002DDD6D /* MoviesListTests */,
				900847A72C78D2D3002DDD6D /* MoviesAPIEndToEndTests */,
			);
		};
/* End PBXProject section */

/* Begin PBXResourcesBuildPhase section */
		900847602C77CD9F002DDD6D /* Resources */ = {
			isa = PBXResourcesBuildPhase;
			buildActionMask = 2147483647;
			files = (
			);
			runOnlyForDeploymentPostprocessing = 0;
		};
		900847682C77CDA0002DDD6D /* Resources */ = {
			isa = PBXResourcesBuildPhase;
			buildActionMask = 2147483647;
			files = (
			);
			runOnlyForDeploymentPostprocessing = 0;
		};
		900847A62C78D2D3002DDD6D /* Resources */ = {
			isa = PBXResourcesBuildPhase;
			buildActionMask = 2147483647;
			files = (
			);
			runOnlyForDeploymentPostprocessing = 0;
		};
/* End PBXResourcesBuildPhase section */

/* Begin PBXSourcesBuildPhase section */
		9008475E2C77CD9F002DDD6D /* Sources */ = {
			isa = PBXSourcesBuildPhase;
			buildActionMask = 2147483647;
			files = (
				9008477D2C77CE2A002DDD6D /* Movie.swift in Sources */,
				900847A12C78CE8C002DDD6D /* URLSessionHTTPClient.swift in Sources */,
				9008477B2C77CE13002DDD6D /* MovieCategory.swift in Sources */,
				9008479E2C78CD0A002DDD6D /* HTTPClient.swift in Sources */,
				900847952C78CA01002DDD6D /* MoviesListMapper.swift in Sources */,
				900847CE2C86297D002DDD6D /* MoviesEndpoint.swift in Sources */,
			);
			runOnlyForDeploymentPostprocessing = 0;
		};
		900847662C77CDA0002DDD6D /* Sources */ = {
			isa = PBXSourcesBuildPhase;
			buildActionMask = 2147483647;
			files = (
				900847A32C78CEC4002DDD6D /* XCTestCase+MemoryLeaksTracking.swift in Sources */,
				900847912C78C995002DDD6D /* SharedTestHelpers.swift in Sources */,
				900847992C78CC52002DDD6D /* URLSessionHTTPClientTests.swift in Sources */,
				900847932C78C9D9002DDD6D /* MoviesListMapperTests.swift in Sources */,
				9008479B2C78CC93002DDD6D /* URLProtocolStub.swift in Sources */,
			);
			runOnlyForDeploymentPostprocessing = 0;
		};
		900847A42C78D2D3002DDD6D /* Sources */ = {
			isa = PBXSourcesBuildPhase;
			buildActionMask = 2147483647;
			files = (
				900847B22C78D37C002DDD6D /* SharedTestHelpers.swift in Sources */,
				900847B32C78D3BE002DDD6D /* XCTestCase+MemoryLeaksTracking.swift in Sources */,
				900847AB2C78D2D3002DDD6D /* MoviesAPIEndToEndTests.swift in Sources */,
			);
			runOnlyForDeploymentPostprocessing = 0;
		};
/* End PBXSourcesBuildPhase section */

/* Begin PBXTargetDependency section */
		9008476D2C77CDA0002DDD6D /* PBXTargetDependency */ = {
			isa = PBXTargetDependency;
			target = 900847612C77CD9F002DDD6D /* MoviesList */;
			targetProxy = 9008476C2C77CDA0002DDD6D /* PBXContainerItemProxy */;
		};
		900847AE2C78D2D3002DDD6D /* PBXTargetDependency */ = {
			isa = PBXTargetDependency;
			target = 900847612C77CD9F002DDD6D /* MoviesList */;
			targetProxy = 900847AD2C78D2D3002DDD6D /* PBXContainerItemProxy */;
		};
/* End PBXTargetDependency section */

/* Begin XCBuildConfiguration section */
		900847722C77CDA0002DDD6D /* Debug */ = {
			isa = XCBuildConfiguration;
			buildSettings = {
				ALWAYS_SEARCH_USER_PATHS = NO;
				ASSETCATALOG_COMPILER_GENERATE_SWIFT_ASSET_SYMBOL_EXTENSIONS = YES;
				CLANG_ANALYZER_NONNULL = YES;
				CLANG_ANALYZER_NUMBER_OBJECT_CONVERSION = YES_AGGRESSIVE;
				CLANG_CXX_LANGUAGE_STANDARD = "gnu++20";
				CLANG_ENABLE_MODULES = YES;
				CLANG_ENABLE_OBJC_ARC = YES;
				CLANG_ENABLE_OBJC_WEAK = YES;
				CLANG_WARN_BLOCK_CAPTURE_AUTORELEASING = YES;
				CLANG_WARN_BOOL_CONVERSION = YES;
				CLANG_WARN_COMMA = YES;
				CLANG_WARN_CONSTANT_CONVERSION = YES;
				CLANG_WARN_DEPRECATED_OBJC_IMPLEMENTATIONS = YES;
				CLANG_WARN_DIRECT_OBJC_ISA_USAGE = YES_ERROR;
				CLANG_WARN_DOCUMENTATION_COMMENTS = YES;
				CLANG_WARN_EMPTY_BODY = YES;
				CLANG_WARN_ENUM_CONVERSION = YES;
				CLANG_WARN_INFINITE_RECURSION = YES;
				CLANG_WARN_INT_CONVERSION = YES;
				CLANG_WARN_NON_LITERAL_NULL_CONVERSION = YES;
				CLANG_WARN_OBJC_IMPLICIT_RETAIN_SELF = YES;
				CLANG_WARN_OBJC_LITERAL_CONVERSION = YES;
				CLANG_WARN_OBJC_ROOT_CLASS = YES_ERROR;
				CLANG_WARN_QUOTED_INCLUDE_IN_FRAMEWORK_HEADER = YES;
				CLANG_WARN_RANGE_LOOP_ANALYSIS = YES;
				CLANG_WARN_STRICT_PROTOTYPES = YES;
				CLANG_WARN_SUSPICIOUS_MOVE = YES;
				CLANG_WARN_UNGUARDED_AVAILABILITY = YES_AGGRESSIVE;
				CLANG_WARN_UNREACHABLE_CODE = YES;
				CLANG_WARN__DUPLICATE_METHOD_MATCH = YES;
				COPY_PHASE_STRIP = NO;
				CURRENT_PROJECT_VERSION = 1;
				DEBUG_INFORMATION_FORMAT = dwarf;
				ENABLE_STRICT_OBJC_MSGSEND = YES;
				ENABLE_TESTABILITY = YES;
				ENABLE_USER_SCRIPT_SANDBOXING = YES;
				GCC_C_LANGUAGE_STANDARD = gnu17;
				GCC_DYNAMIC_NO_PIC = NO;
				GCC_NO_COMMON_BLOCKS = YES;
				GCC_OPTIMIZATION_LEVEL = 0;
				GCC_PREPROCESSOR_DEFINITIONS = (
					"DEBUG=1",
					"$(inherited)",
				);
				GCC_WARN_64_TO_32_BIT_CONVERSION = YES;
				GCC_WARN_ABOUT_RETURN_TYPE = YES_ERROR;
				GCC_WARN_UNDECLARED_SELECTOR = YES;
				GCC_WARN_UNINITIALIZED_AUTOS = YES_AGGRESSIVE;
				GCC_WARN_UNUSED_FUNCTION = YES;
				GCC_WARN_UNUSED_VARIABLE = YES;
				LOCALIZATION_PREFERS_STRING_CATALOGS = YES;
				MTL_ENABLE_DEBUG_INFO = INCLUDE_SOURCE;
				MTL_FAST_MATH = YES;
				ONLY_ACTIVE_ARCH = YES;
				SWIFT_ACTIVE_COMPILATION_CONDITIONS = "DEBUG $(inherited)";
				SWIFT_OPTIMIZATION_LEVEL = "-Onone";
				VERSIONING_SYSTEM = "apple-generic";
				VERSION_INFO_PREFIX = "";
			};
			name = Debug;
		};
		900847732C77CDA0002DDD6D /* Release */ = {
			isa = XCBuildConfiguration;
			buildSettings = {
				ALWAYS_SEARCH_USER_PATHS = NO;
				ASSETCATALOG_COMPILER_GENERATE_SWIFT_ASSET_SYMBOL_EXTENSIONS = YES;
				CLANG_ANALYZER_NONNULL = YES;
				CLANG_ANALYZER_NUMBER_OBJECT_CONVERSION = YES_AGGRESSIVE;
				CLANG_CXX_LANGUAGE_STANDARD = "gnu++20";
				CLANG_ENABLE_MODULES = YES;
				CLANG_ENABLE_OBJC_ARC = YES;
				CLANG_ENABLE_OBJC_WEAK = YES;
				CLANG_WARN_BLOCK_CAPTURE_AUTORELEASING = YES;
				CLANG_WARN_BOOL_CONVERSION = YES;
				CLANG_WARN_COMMA = YES;
				CLANG_WARN_CONSTANT_CONVERSION = YES;
				CLANG_WARN_DEPRECATED_OBJC_IMPLEMENTATIONS = YES;
				CLANG_WARN_DIRECT_OBJC_ISA_USAGE = YES_ERROR;
				CLANG_WARN_DOCUMENTATION_COMMENTS = YES;
				CLANG_WARN_EMPTY_BODY = YES;
				CLANG_WARN_ENUM_CONVERSION = YES;
				CLANG_WARN_INFINITE_RECURSION = YES;
				CLANG_WARN_INT_CONVERSION = YES;
				CLANG_WARN_NON_LITERAL_NULL_CONVERSION = YES;
				CLANG_WARN_OBJC_IMPLICIT_RETAIN_SELF = YES;
				CLANG_WARN_OBJC_LITERAL_CONVERSION = YES;
				CLANG_WARN_OBJC_ROOT_CLASS = YES_ERROR;
				CLANG_WARN_QUOTED_INCLUDE_IN_FRAMEWORK_HEADER = YES;
				CLANG_WARN_RANGE_LOOP_ANALYSIS = YES;
				CLANG_WARN_STRICT_PROTOTYPES = YES;
				CLANG_WARN_SUSPICIOUS_MOVE = YES;
				CLANG_WARN_UNGUARDED_AVAILABILITY = YES_AGGRESSIVE;
				CLANG_WARN_UNREACHABLE_CODE = YES;
				CLANG_WARN__DUPLICATE_METHOD_MATCH = YES;
				COPY_PHASE_STRIP = NO;
				CURRENT_PROJECT_VERSION = 1;
				DEBUG_INFORMATION_FORMAT = "dwarf-with-dsym";
				ENABLE_NS_ASSERTIONS = NO;
				ENABLE_STRICT_OBJC_MSGSEND = YES;
				ENABLE_USER_SCRIPT_SANDBOXING = YES;
				GCC_C_LANGUAGE_STANDARD = gnu17;
				GCC_NO_COMMON_BLOCKS = YES;
				GCC_WARN_64_TO_32_BIT_CONVERSION = YES;
				GCC_WARN_ABOUT_RETURN_TYPE = YES_ERROR;
				GCC_WARN_UNDECLARED_SELECTOR = YES;
				GCC_WARN_UNINITIALIZED_AUTOS = YES_AGGRESSIVE;
				GCC_WARN_UNUSED_FUNCTION = YES;
				GCC_WARN_UNUSED_VARIABLE = YES;
				LOCALIZATION_PREFERS_STRING_CATALOGS = YES;
				MTL_ENABLE_DEBUG_INFO = NO;
				MTL_FAST_MATH = YES;
				SWIFT_COMPILATION_MODE = wholemodule;
				VERSIONING_SYSTEM = "apple-generic";
				VERSION_INFO_PREFIX = "";
			};
			name = Release;
		};
		900847752C77CDA0002DDD6D /* Debug */ = {
			isa = XCBuildConfiguration;
			buildSettings = {
				ALLOW_TARGET_PLATFORM_SPECIALIZATION = YES;
				BUILD_LIBRARY_FOR_DISTRIBUTION = YES;
				CLANG_ENABLE_MODULES = YES;
				CODE_SIGN_STYLE = Automatic;
				CURRENT_PROJECT_VERSION = 1;
				DEFINES_MODULE = YES;
				DEVELOPMENT_TEAM = 35SF9B6Y3C;
				DYLIB_COMPATIBILITY_VERSION = 1;
				DYLIB_CURRENT_VERSION = 1;
				DYLIB_INSTALL_NAME_BASE = "@rpath";
				ENABLE_MODULE_VERIFIER = YES;
				GENERATE_INFOPLIST_FILE = YES;
				INFOPLIST_KEY_NSHumanReadableCopyright = "";
				INSTALL_PATH = "$(LOCAL_LIBRARY_DIR)/Frameworks";
				IPHONEOS_DEPLOYMENT_TARGET = 15.0;
				LD_RUNPATH_SEARCH_PATHS = (
					"@executable_path/Frameworks",
					"@loader_path/Frameworks",
				);
				"LD_RUNPATH_SEARCH_PATHS[sdk=macosx*]" = (
					"@executable_path/../Frameworks",
					"@loader_path/Frameworks",
				);
				MACOSX_DEPLOYMENT_TARGET = 13.0;
				MARKETING_VERSION = 1.0;
				MODULE_VERIFIER_SUPPORTED_LANGUAGES = "objective-c objective-c++";
				MODULE_VERIFIER_SUPPORTED_LANGUAGE_STANDARDS = "gnu17 gnu++20";
				PRODUCT_BUNDLE_IDENTIFIER = com.dlink.MoviesList;
				PRODUCT_NAME = "$(TARGET_NAME:c99extidentifier)";
				SDKROOT = auto;
				SKIP_INSTALL = YES;
				SUPPORTED_PLATFORMS = "iphoneos iphonesimulator macosx";
				SWIFT_EMIT_LOC_STRINGS = YES;
				SWIFT_INSTALL_OBJC_HEADER = NO;
				SWIFT_OPTIMIZATION_LEVEL = "-Onone";
				SWIFT_VERSION = 5.0;
				TARGETED_DEVICE_FAMILY = "1,2";
			};
			name = Debug;
		};
		900847762C77CDA0002DDD6D /* Release */ = {
			isa = XCBuildConfiguration;
			buildSettings = {
				ALLOW_TARGET_PLATFORM_SPECIALIZATION = YES;
				BUILD_LIBRARY_FOR_DISTRIBUTION = YES;
				CLANG_ENABLE_MODULES = YES;
				CODE_SIGN_STYLE = Automatic;
				CURRENT_PROJECT_VERSION = 1;
				DEFINES_MODULE = YES;
				DEVELOPMENT_TEAM = 35SF9B6Y3C;
				DYLIB_COMPATIBILITY_VERSION = 1;
				DYLIB_CURRENT_VERSION = 1;
				DYLIB_INSTALL_NAME_BASE = "@rpath";
				ENABLE_MODULE_VERIFIER = YES;
				GENERATE_INFOPLIST_FILE = YES;
				INFOPLIST_KEY_NSHumanReadableCopyright = "";
				INSTALL_PATH = "$(LOCAL_LIBRARY_DIR)/Frameworks";
				IPHONEOS_DEPLOYMENT_TARGET = 15.0;
				LD_RUNPATH_SEARCH_PATHS = (
					"@executable_path/Frameworks",
					"@loader_path/Frameworks",
				);
				"LD_RUNPATH_SEARCH_PATHS[sdk=macosx*]" = (
					"@executable_path/../Frameworks",
					"@loader_path/Frameworks",
				);
				MACOSX_DEPLOYMENT_TARGET = 13.0;
				MARKETING_VERSION = 1.0;
				MODULE_VERIFIER_SUPPORTED_LANGUAGES = "objective-c objective-c++";
				MODULE_VERIFIER_SUPPORTED_LANGUAGE_STANDARDS = "gnu17 gnu++20";
				PRODUCT_BUNDLE_IDENTIFIER = com.dlink.MoviesList;
				PRODUCT_NAME = "$(TARGET_NAME:c99extidentifier)";
				SDKROOT = auto;
				SKIP_INSTALL = YES;
				SUPPORTED_PLATFORMS = "iphoneos iphonesimulator macosx";
				SWIFT_EMIT_LOC_STRINGS = YES;
				SWIFT_INSTALL_OBJC_HEADER = NO;
				SWIFT_VERSION = 5.0;
				TARGETED_DEVICE_FAMILY = "1,2";
			};
			name = Release;
		};
		900847782C77CDA0002DDD6D /* Debug */ = {
			isa = XCBuildConfiguration;
			buildSettings = {
				ALLOW_TARGET_PLATFORM_SPECIALIZATION = YES;
				ALWAYS_EMBED_SWIFT_STANDARD_LIBRARIES = YES;
				CLANG_ENABLE_MODULES = YES;
				CODE_SIGN_STYLE = Automatic;
				CURRENT_PROJECT_VERSION = 1;
				DEVELOPMENT_TEAM = 35SF9B6Y3C;
				GENERATE_INFOPLIST_FILE = YES;
				IPHONEOS_DEPLOYMENT_TARGET = 15.0;
				MACOSX_DEPLOYMENT_TARGET = 13.0;
				MARKETING_VERSION = 1.0;
				PRODUCT_BUNDLE_IDENTIFIER = com.dlink.MoviesListTests;
				PRODUCT_NAME = "$(TARGET_NAME)";
				SDKROOT = auto;
				SUPPORTED_PLATFORMS = "iphoneos iphonesimulator macosx";
				SWIFT_EMIT_LOC_STRINGS = NO;
				SWIFT_OPTIMIZATION_LEVEL = "-Onone";
				SWIFT_VERSION = 5.0;
				TARGETED_DEVICE_FAMILY = "1,2";
			};
			name = Debug;
		};
		900847792C77CDA0002DDD6D /* Release */ = {
			isa = XCBuildConfiguration;
			buildSettings = {
				ALLOW_TARGET_PLATFORM_SPECIALIZATION = YES;
				ALWAYS_EMBED_SWIFT_STANDARD_LIBRARIES = YES;
				CLANG_ENABLE_MODULES = YES;
				CODE_SIGN_STYLE = Automatic;
				CURRENT_PROJECT_VERSION = 1;
				DEVELOPMENT_TEAM = 35SF9B6Y3C;
				GENERATE_INFOPLIST_FILE = YES;
				IPHONEOS_DEPLOYMENT_TARGET = 15.0;
				MACOSX_DEPLOYMENT_TARGET = 13.0;
				MARKETING_VERSION = 1.0;
				PRODUCT_BUNDLE_IDENTIFIER = com.dlink.MoviesListTests;
				PRODUCT_NAME = "$(TARGET_NAME)";
				SDKROOT = auto;
				SUPPORTED_PLATFORMS = "iphoneos iphonesimulator macosx";
				SWIFT_EMIT_LOC_STRINGS = NO;
				SWIFT_VERSION = 5.0;
				TARGETED_DEVICE_FAMILY = "1,2";
			};
			name = Release;
		};
		900847B02C78D2D3002DDD6D /* Debug */ = {
			isa = XCBuildConfiguration;
			buildSettings = {
				CODE_SIGN_STYLE = Automatic;
				CURRENT_PROJECT_VERSION = 1;
				DEVELOPMENT_TEAM = 35SF9B6Y3C;
				GENERATE_INFOPLIST_FILE = YES;
				IPHONEOS_DEPLOYMENT_TARGET = 15.0;
				MACOSX_DEPLOYMENT_TARGET = 13.0;
				MARKETING_VERSION = 1.0;
				PRODUCT_BUNDLE_IDENTIFIER = com.dlink.MoviesAPIEndToEndTests;
				PRODUCT_NAME = "$(TARGET_NAME)";
				SDKROOT = auto;
				SUPPORTED_PLATFORMS = "iphoneos iphonesimulator macosx";
				SWIFT_EMIT_LOC_STRINGS = NO;
				SWIFT_VERSION = 5.0;
				TARGETED_DEVICE_FAMILY = "1,2";
			};
			name = Debug;
		};
		900847B12C78D2D3002DDD6D /* Release */ = {
			isa = XCBuildConfiguration;
			buildSettings = {
				CODE_SIGN_STYLE = Automatic;
				CURRENT_PROJECT_VERSION = 1;
				DEVELOPMENT_TEAM = 35SF9B6Y3C;
				GENERATE_INFOPLIST_FILE = YES;
				IPHONEOS_DEPLOYMENT_TARGET = 15.0;
				MACOSX_DEPLOYMENT_TARGET = 13.0;
				MARKETING_VERSION = 1.0;
				PRODUCT_BUNDLE_IDENTIFIER = com.dlink.MoviesAPIEndToEndTests;
				PRODUCT_NAME = "$(TARGET_NAME)";
				SDKROOT = auto;
				SUPPORTED_PLATFORMS = "iphoneos iphonesimulator macosx";
				SWIFT_EMIT_LOC_STRINGS = NO;
				SWIFT_VERSION = 5.0;
				TARGETED_DEVICE_FAMILY = "1,2";
			};
			name = Release;
		};
/* End XCBuildConfiguration section */

/* Begin XCConfigurationList section */
		9008475C2C77CD9F002DDD6D /* Build configuration list for PBXProject "MoviesList" */ = {
			isa = XCConfigurationList;
			buildConfigurations = (
				900847722C77CDA0002DDD6D /* Debug */,
				900847732C77CDA0002DDD6D /* Release */,
			);
			defaultConfigurationIsVisible = 0;
			defaultConfigurationName = Release;
		};
		900847742C77CDA0002DDD6D /* Build configuration list for PBXNativeTarget "MoviesList" */ = {
			isa = XCConfigurationList;
			buildConfigurations = (
				900847752C77CDA0002DDD6D /* Debug */,
				900847762C77CDA0002DDD6D /* Release */,
			);
			defaultConfigurationIsVisible = 0;
			defaultConfigurationName = Release;
		};
		900847772C77CDA0002DDD6D /* Build configuration list for PBXNativeTarget "MoviesListTests" */ = {
			isa = XCConfigurationList;
			buildConfigurations = (
				900847782C77CDA0002DDD6D /* Debug */,
				900847792C77CDA0002DDD6D /* Release */,
			);
			defaultConfigurationIsVisible = 0;
			defaultConfigurationName = Release;
		};
		900847AF2C78D2D3002DDD6D /* Build configuration list for PBXNativeTarget "MoviesAPIEndToEndTests" */ = {
			isa = XCConfigurationList;
			buildConfigurations = (
				900847B02C78D2D3002DDD6D /* Debug */,
				900847B12C78D2D3002DDD6D /* Release */,
			);
			defaultConfigurationIsVisible = 0;
			defaultConfigurationName = Release;
		};
/* End XCConfigurationList section */
	};
	rootObject = 900847592C77CD9F002DDD6D /* Project object */;
}
