// !$*UTF8*$!
{
	archiveVersion = 1;
	classes = {
	};
	objectVersion = 56;
	objects = {

/* Begin PBXBuildFile section */
		900847802C77CE69002DDD6D /* MoviesList.framework in Frameworks */ = {isa = PBXBuildFile; fileRef = 9008477F2C77CE69002DDD6D /* MoviesList.framework */; };
		900847812C77CE69002DDD6D /* MoviesList.framework in Embed Frameworks */ = {isa = PBXBuildFile; fileRef = 9008477F2C77CE69002DDD6D /* MoviesList.framework */; settings = {ATTRIBUTES = (CodeSignOnCopy, RemoveHeadersOnCopy, ); }; };
		900847BE2C7C8C83002DDD6D /* MovieListCell.swift in Sources */ = {isa = PBXBuildFile; fileRef = 900847BD2C7C8C83002DDD6D /* MovieListCell.swift */; };
		900847C02C7C8E79002DDD6D /* MovieViewData.swift in Sources */ = {isa = PBXBuildFile; fileRef = 900847BF2C7C8E78002DDD6D /* MovieViewData.swift */; };
		900847C22C7C94AE002DDD6D /* MainView.swift in Sources */ = {isa = PBXBuildFile; fileRef = 900847C12C7C94AE002DDD6D /* MainView.swift */; };
		900847C42C7C9A17002DDD6D /* MovieDetailsView.swift in Sources */ = {isa = PBXBuildFile; fileRef = 900847C32C7C9A17002DDD6D /* MovieDetailsView.swift */; };
		9CA3F8812C3D9B5E0003776D /* MovieApp.swift in Sources */ = {isa = PBXBuildFile; fileRef = 9CA3F8802C3D9B5E0003776D /* MovieApp.swift */; };
		9CA3F8832C3D9B5E0003776D /* MovieListView.swift in Sources */ = {isa = PBXBuildFile; fileRef = 9CA3F8822C3D9B5E0003776D /* MovieListView.swift */; };
		9CA3F8852C3D9B600003776D /* Assets.xcassets in Resources */ = {isa = PBXBuildFile; fileRef = 9CA3F8842C3D9B600003776D /* Assets.xcassets */; };
		9CA3F8892C3D9B600003776D /* Preview Assets.xcassets in Resources */ = {isa = PBXBuildFile; fileRef = 9CA3F8882C3D9B600003776D /* Preview Assets.xcassets */; };
		9CA3F8932C3D9B600003776D /* MovieAppTests.swift in Sources */ = {isa = PBXBuildFile; fileRef = 9CA3F8922C3D9B600003776D /* MovieAppTests.swift */; };
		9CA3F89D2C3D9B600003776D /* MovieAppUITests.swift in Sources */ = {isa = PBXBuildFile; fileRef = 9CA3F89C2C3D9B600003776D /* MovieAppUITests.swift */; };
		9CA3F89F2C3D9B600003776D /* MovieAppUITestsLaunchTests.swift in Sources */ = {isa = PBXBuildFile; fileRef = 9CA3F89E2C3D9B600003776D /* MovieAppUITestsLaunchTests.swift */; };
/* End PBXBuildFile section */

/* Begin PBXContainerItemProxy section */
		9CA3F88F2C3D9B600003776D /* PBXContainerItemProxy */ = {
			isa = PBXContainerItemProxy;
			containerPortal = 9CA3F8752C3D9B5E0003776D /* Project object */;
			proxyType = 1;
			remoteGlobalIDString = 9CA3F87C2C3D9B5E0003776D;
			remoteInfo = Interview;
		};
		9CA3F8992C3D9B600003776D /* PBXContainerItemProxy */ = {
			isa = PBXContainerItemProxy;
			containerPortal = 9CA3F8752C3D9B5E0003776D /* Project object */;
			proxyType = 1;
			remoteGlobalIDString = 9CA3F87C2C3D9B5E0003776D;
			remoteInfo = Interview;
		};
/* End PBXContainerItemProxy section */

/* Begin PBXCopyFilesBuildPhase section */
		900847822C77CE69002DDD6D /* Embed Frameworks */ = {
			isa = PBXCopyFilesBuildPhase;
			buildActionMask = 2147483647;
			dstPath = "";
			dstSubfolderSpec = 10;
			files = (
				900847812C77CE69002DDD6D /* MoviesList.framework in Embed Frameworks */,
			);
			name = "Embed Frameworks";
			runOnlyForDeploymentPostprocessing = 0;
		};
/* End PBXCopyFilesBuildPhase section */

/* Begin PBXFileReference section */
		9008477F2C77CE69002DDD6D /* MoviesList.framework */ = {isa = PBXFileReference; explicitFileType = wrapper.framework; path = MoviesList.framework; sourceTree = BUILT_PRODUCTS_DIR; };
		900847BD2C7C8C83002DDD6D /* MovieListCell.swift */ = {isa = PBXFileReference; lastKnownFileType = sourcecode.swift; path = MovieListCell.swift; sourceTree = "<group>"; };
		900847BF2C7C8E78002DDD6D /* MovieViewData.swift */ = {isa = PBXFileReference; lastKnownFileType = sourcecode.swift; path = MovieViewData.swift; sourceTree = "<group>"; };
		900847C12C7C94AE002DDD6D /* MainView.swift */ = {isa = PBXFileReference; lastKnownFileType = sourcecode.swift; path = MainView.swift; sourceTree = "<group>"; };
		900847C32C7C9A17002DDD6D /* MovieDetailsView.swift */ = {isa = PBXFileReference; lastKnownFileType = sourcecode.swift; path = MovieDetailsView.swift; sourceTree = "<group>"; };
		9CA3F87D2C3D9B5E0003776D /* MovieApp.app */ = {isa = PBXFileReference; explicitFileType = wrapper.application; includeInIndex = 0; path = MovieApp.app; sourceTree = BUILT_PRODUCTS_DIR; };
		9CA3F8802C3D9B5E0003776D /* MovieApp.swift */ = {isa = PBXFileReference; lastKnownFileType = sourcecode.swift; path = MovieApp.swift; sourceTree = "<group>"; };
		9CA3F8822C3D9B5E0003776D /* MovieListView.swift */ = {isa = PBXFileReference; lastKnownFileType = sourcecode.swift; path = MovieListView.swift; sourceTree = "<group>"; };
		9CA3F8842C3D9B600003776D /* Assets.xcassets */ = {isa = PBXFileReference; lastKnownFileType = folder.assetcatalog; path = Assets.xcassets; sourceTree = "<group>"; };
		9CA3F8862C3D9B600003776D /* MovieApp.entitlements */ = {isa = PBXFileReference; lastKnownFileType = text.plist.entitlements; path = MovieApp.entitlements; sourceTree = "<group>"; };
		9CA3F8882C3D9B600003776D /* Preview Assets.xcassets */ = {isa = PBXFileReference; lastKnownFileType = folder.assetcatalog; path = "Preview Assets.xcassets"; sourceTree = "<group>"; };
		9CA3F88E2C3D9B600003776D /* MovieAppTests.xctest */ = {isa = PBXFileReference; explicitFileType = wrapper.cfbundle; includeInIndex = 0; path = MovieAppTests.xctest; sourceTree = BUILT_PRODUCTS_DIR; };
		9CA3F8922C3D9B600003776D /* MovieAppTests.swift */ = {isa = PBXFileReference; lastKnownFileType = sourcecode.swift; path = MovieAppTests.swift; sourceTree = "<group>"; };
		9CA3F8982C3D9B600003776D /* MovieAppUITests.xctest */ = {isa = PBXFileReference; explicitFileType = wrapper.cfbundle; includeInIndex = 0; path = MovieAppUITests.xctest; sourceTree = BUILT_PRODUCTS_DIR; };
		9CA3F89C2C3D9B600003776D /* MovieAppUITests.swift */ = {isa = PBXFileReference; lastKnownFileType = sourcecode.swift; path = MovieAppUITests.swift; sourceTree = "<group>"; };
		9CA3F89E2C3D9B600003776D /* MovieAppUITestsLaunchTests.swift */ = {isa = PBXFileReference; lastKnownFileType = sourcecode.swift; path = MovieAppUITestsLaunchTests.swift; sourceTree = "<group>"; };
/* End PBXFileReference section */

/* Begin PBXFrameworksBuildPhase section */
		9CA3F87A2C3D9B5E0003776D /* Frameworks */ = {
			isa = PBXFrameworksBuildPhase;
			buildActionMask = 2147483647;
			files = (
				900847802C77CE69002DDD6D /* MoviesList.framework in Frameworks */,
			);
			runOnlyForDeploymentPostprocessing = 0;
		};
		9CA3F88B2C3D9B600003776D /* Frameworks */ = {
			isa = PBXFrameworksBuildPhase;
			buildActionMask = 2147483647;
			files = (
			);
			runOnlyForDeploymentPostprocessing = 0;
		};
		9CA3F8952C3D9B600003776D /* Frameworks */ = {
			isa = PBXFrameworksBuildPhase;
			buildActionMask = 2147483647;
			files = (
			);
			runOnlyForDeploymentPostprocessing = 0;
		};
/* End PBXFrameworksBuildPhase section */

/* Begin PBXGroup section */
		9008477E2C77CE69002DDD6D /* Frameworks */ = {
			isa = PBXGroup;
			children = (
				9008477F2C77CE69002DDD6D /* MoviesList.framework */,
			);
			name = Frameworks;
			sourceTree = "<group>";
		};
		9CA3F8742C3D9B5E0003776D = {
			isa = PBXGroup;
			children = (
				9CA3F87F2C3D9B5E0003776D /* MovieApp */,
				9CA3F8912C3D9B600003776D /* MovieAppTests */,
				9CA3F89B2C3D9B600003776D /* MovieAppUITests */,
				9CA3F87E2C3D9B5E0003776D /* Products */,
				9008477E2C77CE69002DDD6D /* Frameworks */,
			);
			sourceTree = "<group>";
		};
		9CA3F87E2C3D9B5E0003776D /* Products */ = {
			isa = PBXGroup;
			children = (
				9CA3F87D2C3D9B5E0003776D /* MovieApp.app */,
				9CA3F88E2C3D9B600003776D /* MovieAppTests.xctest */,
				9CA3F8982C3D9B600003776D /* MovieAppUITests.xctest */,
			);
			name = Products;
			sourceTree = "<group>";
		};
		9CA3F87F2C3D9B5E0003776D /* MovieApp */ = {
			isa = PBXGroup;
			children = (
				9CA3F8802C3D9B5E0003776D /* MovieApp.swift */,
				900847C12C7C94AE002DDD6D /* MainView.swift */,
				9CA3F8822C3D9B5E0003776D /* MovieListView.swift */,
				900847BF2C7C8E78002DDD6D /* MovieViewData.swift */,
				900847BD2C7C8C83002DDD6D /* MovieListCell.swift */,
				900847C32C7C9A17002DDD6D /* MovieDetailsView.swift */,
				9CA3F8842C3D9B600003776D /* Assets.xcassets */,
				9CA3F8862C3D9B600003776D /* MovieApp.entitlements */,
				9CA3F8872C3D9B600003776D /* Preview Content */,
			);
			path = MovieApp;
			sourceTree = "<group>";
		};
		9CA3F8872C3D9B600003776D /* Preview Content */ = {
			isa = PBXGroup;
			children = (
				9CA3F8882C3D9B600003776D /* Preview Assets.xcassets */,
			);
			path = "Preview Content";
			sourceTree = "<group>";
		};
		9CA3F8912C3D9B600003776D /* MovieAppTests */ = {
			isa = PBXGroup;
			children = (
				9CA3F8922C3D9B600003776D /* MovieAppTests.swift */,
			);
			path = MovieAppTests;
			sourceTree = "<group>";
		};
		9CA3F89B2C3D9B600003776D /* MovieAppUITests */ = {
			isa = PBXGroup;
			children = (
				9CA3F89C2C3D9B600003776D /* MovieAppUITests.swift */,
				9CA3F89E2C3D9B600003776D /* MovieAppUITestsLaunchTests.swift */,
			);
			path = MovieAppUITests;
			sourceTree = "<group>";
		};
/* End PBXGroup section */

/* Begin PBXNativeTarget section */
		9CA3F87C2C3D9B5E0003776D /* MovieApp */ = {
			isa = PBXNativeTarget;
			buildConfigurationList = 9CA3F8A22C3D9B600003776D /* Build configuration list for PBXNativeTarget "MovieApp" */;
			buildPhases = (
				9CA3F8792C3D9B5E0003776D /* Sources */,
				9CA3F87A2C3D9B5E0003776D /* Frameworks */,
				9CA3F87B2C3D9B5E0003776D /* Resources */,
				900847822C77CE69002DDD6D /* Embed Frameworks */,
			);
			buildRules = (
			);
			dependencies = (
			);
			name = MovieApp;
			productName = Interview;
			productReference = 9CA3F87D2C3D9B5E0003776D /* MovieApp.app */;
			productType = "com.apple.product-type.application";
		};
		9CA3F88D2C3D9B600003776D /* MovieAppTests */ = {
			isa = PBXNativeTarget;
			buildConfigurationList = 9CA3F8A52C3D9B600003776D /* Build configuration list for PBXNativeTarget "MovieAppTests" */;
			buildPhases = (
				9CA3F88A2C3D9B600003776D /* Sources */,
				9CA3F88B2C3D9B600003776D /* Frameworks */,
				9CA3F88C2C3D9B600003776D /* Resources */,
			);
			buildRules = (
			);
			dependencies = (
				9CA3F8902C3D9B600003776D /* PBXTargetDependency */,
			);
			name = MovieAppTests;
			productName = InterviewTests;
			productReference = 9CA3F88E2C3D9B600003776D /* MovieAppTests.xctest */;
			productType = "com.apple.product-type.bundle.unit-test";
		};
		9CA3F8972C3D9B600003776D /* MovieAppUITests */ = {
			isa = PBXNativeTarget;
			buildConfigurationList = 9CA3F8A82C3D9B600003776D /* Build configuration list for PBXNativeTarget "MovieAppUITests" */;
			buildPhases = (
				9CA3F8942C3D9B600003776D /* Sources */,
				9CA3F8952C3D9B600003776D /* Frameworks */,
				9CA3F8962C3D9B600003776D /* Resources */,
			);
			buildRules = (
			);
			dependencies = (
				9CA3F89A2C3D9B600003776D /* PBXTargetDependency */,
			);
			name = MovieAppUITests;
			productName = InterviewUITests;
			productReference = 9CA3F8982C3D9B600003776D /* MovieAppUITests.xctest */;
			productType = "com.apple.product-type.bundle.ui-testing";
		};
/* End PBXNativeTarget section */

/* Begin PBXProject section */
		9CA3F8752C3D9B5E0003776D /* Project object */ = {
			isa = PBXProject;
			attributes = {
				BuildIndependentTargetsInParallel = 1;
				LastSwiftUpdateCheck = 1540;
				LastUpgradeCheck = 1540;
				TargetAttributes = {
					9CA3F87C2C3D9B5E0003776D = {
						CreatedOnToolsVersion = 15.4;
					};
					9CA3F88D2C3D9B600003776D = {
						CreatedOnToolsVersion = 15.4;
						TestTargetID = 9CA3F87C2C3D9B5E0003776D;
					};
					9CA3F8972C3D9B600003776D = {
						CreatedOnToolsVersion = 15.4;
						TestTargetID = 9CA3F87C2C3D9B5E0003776D;
					};
				};
			};
			buildConfigurationList = 9CA3F8782C3D9B5E0003776D /* Build configuration list for PBXProject "MovieApp" */;
			compatibilityVersion = "Xcode 14.0";
			developmentRegion = en;
			hasScannedForEncodings = 0;
			knownRegions = (
				en,
				Base,
			);
			mainGroup = 9CA3F8742C3D9B5E0003776D;
			productRefGroup = 9CA3F87E2C3D9B5E0003776D /* Products */;
			projectDirPath = "";
			projectRoot = "";
			targets = (
				9CA3F87C2C3D9B5E0003776D /* MovieApp */,
				9CA3F88D2C3D9B600003776D /* MovieAppTests */,
				9CA3F8972C3D9B600003776D /* MovieAppUITests */,
			);
		};
/* End PBXProject section */

/* Begin PBXResourcesBuildPhase section */
		9CA3F87B2C3D9B5E0003776D /* Resources */ = {
			isa = PBXResourcesBuildPhase;
			buildActionMask = 2147483647;
			files = (
				9CA3F8892C3D9B600003776D /* Preview Assets.xcassets in Resources */,
				9CA3F8852C3D9B600003776D /* Assets.xcassets in Resources */,
			);
			runOnlyForDeploymentPostprocessing = 0;
		};
		9CA3F88C2C3D9B600003776D /* Resources */ = {
			isa = PBXResourcesBuildPhase;
			buildActionMask = 2147483647;
			files = (
			);
			runOnlyForDeploymentPostprocessing = 0;
		};
		9CA3F8962C3D9B600003776D /* Resources */ = {
			isa = PBXResourcesBuildPhase;
			buildActionMask = 2147483647;
			files = (
			);
			runOnlyForDeploymentPostprocessing = 0;
		};
/* End PBXResourcesBuildPhase section */

/* Begin PBXSourcesBuildPhase section */
		9CA3F8792C3D9B5E0003776D /* Sources */ = {
			isa = PBXSourcesBuildPhase;
			buildActionMask = 2147483647;
			files = (
				900847C42C7C9A17002DDD6D /* MovieDetailsView.swift in Sources */,
				9CA3F8832C3D9B5E0003776D /* MovieListView.swift in Sources */,
				9CA3F8812C3D9B5E0003776D /* MovieApp.swift in Sources */,
				900847BE2C7C8C83002DDD6D /* MovieListCell.swift in Sources */,
				900847C22C7C94AE002DDD6D /* MainView.swift in Sources */,
				900847C02C7C8E79002DDD6D /* MovieViewData.swift in Sources */,
			);
			runOnlyForDeploymentPostprocessing = 0;
		};
		9CA3F88A2C3D9B600003776D /* Sources */ = {
			isa = PBXSourcesBuildPhase;
			buildActionMask = 2147483647;
			files = (
				9CA3F8932C3D9B600003776D /* MovieAppTests.swift in Sources */,
			);
			runOnlyForDeploymentPostprocessing = 0;
		};
		9CA3F8942C3D9B600003776D /* Sources */ = {
			isa = PBXSourcesBuildPhase;
			buildActionMask = 2147483647;
			files = (
				9CA3F89F2C3D9B600003776D /* MovieAppUITestsLaunchTests.swift in Sources */,
				9CA3F89D2C3D9B600003776D /* MovieAppUITests.swift in Sources */,
			);
			runOnlyForDeploymentPostprocessing = 0;
		};
/* End PBXSourcesBuildPhase section */

/* Begin PBXTargetDependency section */
		9CA3F8902C3D9B600003776D /* PBXTargetDependency */ = {
			isa = PBXTargetDependency;
			target = 9CA3F87C2C3D9B5E0003776D /* MovieApp */;
			targetProxy = 9CA3F88F2C3D9B600003776D /* PBXContainerItemProxy */;
		};
		9CA3F89A2C3D9B600003776D /* PBXTargetDependency */ = {
			isa = PBXTargetDependency;
			target = 9CA3F87C2C3D9B5E0003776D /* MovieApp */;
			targetProxy = 9CA3F8992C3D9B600003776D /* PBXContainerItemProxy */;
		};
/* End PBXTargetDependency section */

/* Begin XCBuildConfiguration section */
		9CA3F8A02C3D9B600003776D /* Debug */ = {
			isa = XCBuildConfiguration;
			buildSettings = {
				ALWAYS_SEARCH_USER_PATHS = NO;
				ASSETCATALOG_COMPILER_GENERATE_SWIFT_ASSET_SYMBOL_EXTENSIONS = YES;
				CLANG_ANALYZER_NONNULL = YES;
				CLANG_ANALYZER_NUMBER_OBJECT_CONVERSION = YES_AGGRESSIVE;
				CLANG_CXX_LANGUAGE_STANDARD = "gnu++20";
				CLANG_ENABLE_MODULES = YES;
				CLANG_ENABLE_OBJC_ARC = YES;
				CLANG_ENABLE_OBJC_WEAK = YES;
				CLANG_WARN_BLOCK_CAPTURE_AUTORELEASING = YES;
				CLANG_WARN_BOOL_CONVERSION = YES;
				CLANG_WARN_COMMA = YES;
				CLANG_WARN_CONSTANT_CONVERSION = YES;
				CLANG_WARN_DEPRECATED_OBJC_IMPLEMENTATIONS = YES;
				CLANG_WARN_DIRECT_OBJC_ISA_USAGE = YES_ERROR;
				CLANG_WARN_DOCUMENTATION_COMMENTS = YES;
				CLANG_WARN_EMPTY_BODY = YES;
				CLANG_WARN_ENUM_CONVERSION = YES;
				CLANG_WARN_INFINITE_RECURSION = YES;
				CLANG_WARN_INT_CONVERSION = YES;
				CLANG_WARN_NON_LITERAL_NULL_CONVERSION = YES;
				CLANG_WARN_OBJC_IMPLICIT_RETAIN_SELF = YES;
				CLANG_WARN_OBJC_LITERAL_CONVERSION = YES;
				CLANG_WARN_OBJC_ROOT_CLASS = YES_ERROR;
				CLANG_WARN_QUOTED_INCLUDE_IN_FRAMEWORK_HEADER = YES;
				CLANG_WARN_RANGE_LOOP_ANALYSIS = YES;
				CLANG_WARN_STRICT_PROTOTYPES = YES;
				CLANG_WARN_SUSPICIOUS_MOVE = YES;
				CLANG_WARN_UNGUARDED_AVAILABILITY = YES_AGGRESSIVE;
				CLANG_WARN_UNREACHABLE_CODE = YES;
				CLANG_WARN__DUPLICATE_METHOD_MATCH = YES;
				COPY_PHASE_STRIP = NO;
				DEBUG_INFORMATION_FORMAT = dwarf;
				ENABLE_STRICT_OBJC_MSGSEND = YES;
				ENABLE_TESTABILITY = YES;
				ENABLE_USER_SCRIPT_SANDBOXING = YES;
				GCC_C_LANGUAGE_STANDARD = gnu17;
				GCC_DYNAMIC_NO_PIC = NO;
				GCC_NO_COMMON_BLOCKS = YES;
				GCC_OPTIMIZATION_LEVEL = 0;
				GCC_PREPROCESSOR_DEFINITIONS = (
					"DEBUG=1",
					"$(inherited)",
				);
				GCC_WARN_64_TO_32_BIT_CONVERSION = YES;
				GCC_WARN_ABOUT_RETURN_TYPE = YES_ERROR;
				GCC_WARN_UNDECLARED_SELECTOR = YES;
				GCC_WARN_UNINITIALIZED_AUTOS = YES_AGGRESSIVE;
				GCC_WARN_UNUSED_FUNCTION = YES;
				GCC_WARN_UNUSED_VARIABLE = YES;
				LOCALIZATION_PREFERS_STRING_CATALOGS = YES;
				MTL_ENABLE_DEBUG_INFO = INCLUDE_SOURCE;
				MTL_FAST_MATH = YES;
				ONLY_ACTIVE_ARCH = YES;
				SWIFT_ACTIVE_COMPILATION_CONDITIONS = "DEBUG $(inherited)";
				SWIFT_OPTIMIZATION_LEVEL = "-Onone";
			};
			name = Debug;
		};
		9CA3F8A12C3D9B600003776D /* Release */ = {
			isa = XCBuildConfiguration;
			buildSettings = {
				ALWAYS_SEARCH_USER_PATHS = NO;
				ASSETCATALOG_COMPILER_GENERATE_SWIFT_ASSET_SYMBOL_EXTENSIONS = YES;
				CLANG_ANALYZER_NONNULL = YES;
				CLANG_ANALYZER_NUMBER_OBJECT_CONVERSION = YES_AGGRESSIVE;
				CLANG_CXX_LANGUAGE_STANDARD = "gnu++20";
				CLANG_ENABLE_MODULES = YES;
				CLANG_ENABLE_OBJC_ARC = YES;
				CLANG_ENABLE_OBJC_WEAK = YES;
				CLANG_WARN_BLOCK_CAPTURE_AUTORELEASING = YES;
				CLANG_WARN_BOOL_CONVERSION = YES;
				CLANG_WARN_COMMA = YES;
				CLANG_WARN_CONSTANT_CONVERSION = YES;
				CLANG_WARN_DEPRECATED_OBJC_IMPLEMENTATIONS = YES;
				CLANG_WARN_DIRECT_OBJC_ISA_USAGE = YES_ERROR;
				CLANG_WARN_DOCUMENTATION_COMMENTS = YES;
				CLANG_WARN_EMPTY_BODY = YES;
				CLANG_WARN_ENUM_CONVERSION = YES;
				CLANG_WARN_INFINITE_RECURSION = YES;
				CLANG_WARN_INT_CONVERSION = YES;
				CLANG_WARN_NON_LITERAL_NULL_CONVERSION = YES;
				CLANG_WARN_OBJC_IMPLICIT_RETAIN_SELF = YES;
				CLANG_WARN_OBJC_LITERAL_CONVERSION = YES;
				CLANG_WARN_OBJC_ROOT_CLASS = YES_ERROR;
				CLANG_WARN_QUOTED_INCLUDE_IN_FRAMEWORK_HEADER = YES;
				CLANG_WARN_RANGE_LOOP_ANALYSIS = YES;
				CLANG_WARN_STRICT_PROTOTYPES = YES;
				CLANG_WARN_SUSPICIOUS_MOVE = YES;
				CLANG_WARN_UNGUARDED_AVAILABILITY = YES_AGGRESSIVE;
				CLANG_WARN_UNREACHABLE_CODE = YES;
				CLANG_WARN__DUPLICATE_METHOD_MATCH = YES;
				COPY_PHASE_STRIP = NO;
				DEBUG_INFORMATION_FORMAT = "dwarf-with-dsym";
				ENABLE_NS_ASSERTIONS = NO;
				ENABLE_STRICT_OBJC_MSGSEND = YES;
				ENABLE_USER_SCRIPT_SANDBOXING = YES;
				GCC_C_LANGUAGE_STANDARD = gnu17;
				GCC_NO_COMMON_BLOCKS = YES;
				GCC_WARN_64_TO_32_BIT_CONVERSION = YES;
				GCC_WARN_ABOUT_RETURN_TYPE = YES_ERROR;
				GCC_WARN_UNDECLARED_SELECTOR = YES;
				GCC_WARN_UNINITIALIZED_AUTOS = YES_AGGRESSIVE;
				GCC_WARN_UNUSED_FUNCTION = YES;
				GCC_WARN_UNUSED_VARIABLE = YES;
				LOCALIZATION_PREFERS_STRING_CATALOGS = YES;
				MTL_ENABLE_DEBUG_INFO = NO;
				MTL_FAST_MATH = YES;
				SWIFT_COMPILATION_MODE = wholemodule;
			};
			name = Release;
		};
		9CA3F8A32C3D9B600003776D /* Debug */ = {
			isa = XCBuildConfiguration;
			buildSettings = {
				ASSETCATALOG_COMPILER_APPICON_NAME = AppIcon;
				ASSETCATALOG_COMPILER_GLOBAL_ACCENT_COLOR_NAME = AccentColor;
				CODE_SIGN_ENTITLEMENTS = MovieApp/MovieApp.entitlements;
				CODE_SIGN_STYLE = Automatic;
				CURRENT_PROJECT_VERSION = 1;
				DEVELOPMENT_ASSET_PATHS = "\"MovieApp/Preview Content\"";
				ENABLE_PREVIEWS = YES;
				GENERATE_INFOPLIST_FILE = YES;
				"INFOPLIST_KEY_UIApplicationSceneManifest_Generation[sdk=iphoneos*]" = YES;
				"INFOPLIST_KEY_UIApplicationSceneManifest_Generation[sdk=iphonesimulator*]" = YES;
				"INFOPLIST_KEY_UIApplicationSupportsIndirectInputEvents[sdk=iphoneos*]" = YES;
				"INFOPLIST_KEY_UIApplicationSupportsIndirectInputEvents[sdk=iphonesimulator*]" = YES;
				"INFOPLIST_KEY_UILaunchScreen_Generation[sdk=iphoneos*]" = YES;
				"INFOPLIST_KEY_UILaunchScreen_Generation[sdk=iphonesimulator*]" = YES;
				"INFOPLIST_KEY_UIStatusBarStyle[sdk=iphoneos*]" = UIStatusBarStyleDefault;
				"INFOPLIST_KEY_UIStatusBarStyle[sdk=iphonesimulator*]" = UIStatusBarStyleDefault;
				INFOPLIST_KEY_UISupportedInterfaceOrientations = "UIInterfaceOrientationLandscapeLeft UIInterfaceOrientationLandscapeRight UIInterfaceOrientationPortrait";
				INFOPLIST_KEY_UISupportedInterfaceOrientations_iPad = "UIInterfaceOrientationLandscapeLeft UIInterfaceOrientationLandscapeRight UIInterfaceOrientationPortrait UIInterfaceOrientationPortraitUpsideDown";
				IPHONEOS_DEPLOYMENT_TARGET = 15.0;
				LD_RUNPATH_SEARCH_PATHS = "@executable_path/Frameworks";
				"LD_RUNPATH_SEARCH_PATHS[sdk=macosx*]" = "@executable_path/../Frameworks";
				MACOSX_DEPLOYMENT_TARGET = 14.5;
				MARKETING_VERSION = 1.0;
				PRODUCT_BUNDLE_IDENTIFIER = com.iosinterview.MovieApp;
				PRODUCT_NAME = "$(TARGET_NAME)";
				SDKROOT = auto;
				SUPPORTED_PLATFORMS = "iphoneos iphonesimulator";
				SUPPORTS_MACCATALYST = NO;
				SWIFT_EMIT_LOC_STRINGS = YES;
				SWIFT_VERSION = 5.0;
				TARGETED_DEVICE_FAMILY = "1,2";
			};
			name = Debug;
		};
		9CA3F8A42C3D9B600003776D /* Release */ = {
			isa = XCBuildConfiguration;
			buildSettings = {
				ASSETCATALOG_COMPILER_APPICON_NAME = AppIcon;
				ASSETCATALOG_COMPILER_GLOBAL_ACCENT_COLOR_NAME = AccentColor;
				CODE_SIGN_ENTITLEMENTS = MovieApp/MovieApp.entitlements;
				CODE_SIGN_STYLE = Automatic;
				CURRENT_PROJECT_VERSION = 1;
				DEVELOPMENT_ASSET_PATHS = "\"MovieApp/Preview Content\"";
				ENABLE_PREVIEWS = YES;
				GENERATE_INFOPLIST_FILE = YES;
				"INFOPLIST_KEY_UIApplicationSceneManifest_Generation[sdk=iphoneos*]" = YES;
				"INFOPLIST_KEY_UIApplicationSceneManifest_Generation[sdk=iphonesimulator*]" = YES;
				"INFOPLIST_KEY_UIApplicationSupportsIndirectInputEvents[sdk=iphoneos*]" = YES;
				"INFOPLIST_KEY_UIApplicationSupportsIndirectInputEvents[sdk=iphonesimulator*]" = YES;
				"INFOPLIST_KEY_UILaunchScreen_Generation[sdk=iphoneos*]" = YES;
				"INFOPLIST_KEY_UILaunchScreen_Generation[sdk=iphonesimulator*]" = YES;
				"INFOPLIST_KEY_UIStatusBarStyle[sdk=iphoneos*]" = UIStatusBarStyleDefault;
				"INFOPLIST_KEY_UIStatusBarStyle[sdk=iphonesimulator*]" = UIStatusBarStyleDefault;
				INFOPLIST_KEY_UISupportedInterfaceOrientations = "UIInterfaceOrientationLandscapeLeft UIInterfaceOrientationLandscapeRight UIInterfaceOrientationPortrait";
				INFOPLIST_KEY_UISupportedInterfaceOrientations_iPad = "UIInterfaceOrientationLandscapeLeft UIInterfaceOrientationLandscapeRight UIInterfaceOrientationPortrait UIInterfaceOrientationPortraitUpsideDown";
				IPHONEOS_DEPLOYMENT_TARGET = 15.0;
				LD_RUNPATH_SEARCH_PATHS = "@executable_path/Frameworks";
				"LD_RUNPATH_SEARCH_PATHS[sdk=macosx*]" = "@executable_path/../Frameworks";
				MACOSX_DEPLOYMENT_TARGET = 14.5;
				MARKETING_VERSION = 1.0;
				PRODUCT_BUNDLE_IDENTIFIER = com.iosinterview.MovieApp;
				PRODUCT_NAME = "$(TARGET_NAME)";
				SDKROOT = auto;
				SUPPORTED_PLATFORMS = "iphoneos iphonesimulator";
				SUPPORTS_MACCATALYST = NO;
				SWIFT_EMIT_LOC_STRINGS = YES;
				SWIFT_VERSION = 5.0;
				TARGETED_DEVICE_FAMILY = "1,2";
			};
			name = Release;
		};
		9CA3F8A62C3D9B600003776D /* Debug */ = {
			isa = XCBuildConfiguration;
			buildSettings = {
				ALWAYS_EMBED_SWIFT_STANDARD_LIBRARIES = YES;
				BUNDLE_LOADER = "$(TEST_HOST)";
				CODE_SIGN_STYLE = Automatic;
				CURRENT_PROJECT_VERSION = 1;
				GENERATE_INFOPLIST_FILE = YES;
				IPHONEOS_DEPLOYMENT_TARGET = 15.0;
				MACOSX_DEPLOYMENT_TARGET = 14.5;
				MARKETING_VERSION = 1.0;
				PRODUCT_BUNDLE_IDENTIFIER = com.iosinterview.InterviewTests;
				PRODUCT_NAME = "$(TARGET_NAME)";
				SDKROOT = auto;
				SUPPORTED_PLATFORMS = "iphoneos iphonesimulator";
				SUPPORTS_MACCATALYST = NO;
				SWIFT_EMIT_LOC_STRINGS = NO;
				SWIFT_VERSION = 5.0;
				TARGETED_DEVICE_FAMILY = "1,2";
				TEST_HOST = "$(BUILT_PRODUCTS_DIR)/MovieApp.app/$(BUNDLE_EXECUTABLE_FOLDER_PATH)/MovieApp";
			};
			name = Debug;
		};
		9CA3F8A72C3D9B600003776D /* Release */ = {
			isa = XCBuildConfiguration;
			buildSettings = {
				ALWAYS_EMBED_SWIFT_STANDARD_LIBRARIES = YES;
				BUNDLE_LOADER = "$(TEST_HOST)";
				CODE_SIGN_STYLE = Automatic;
				CURRENT_PROJECT_VERSION = 1;
				GENERATE_INFOPLIST_FILE = YES;
				IPHONEOS_DEPLOYMENT_TARGET = 15.0;
				MACOSX_DEPLOYMENT_TARGET = 14.5;
				MARKETING_VERSION = 1.0;
				PRODUCT_BUNDLE_IDENTIFIER = com.iosinterview.InterviewTests;
				PRODUCT_NAME = "$(TARGET_NAME)";
				SDKROOT = auto;
				SUPPORTED_PLATFORMS = "iphoneos iphonesimulator";
				SUPPORTS_MACCATALYST = NO;
				SWIFT_EMIT_LOC_STRINGS = NO;
				SWIFT_VERSION = 5.0;
				TARGETED_DEVICE_FAMILY = "1,2";
				TEST_HOST = "$(BUILT_PRODUCTS_DIR)/MovieApp.app/$(BUNDLE_EXECUTABLE_FOLDER_PATH)/MovieApp";
			};
			name = Release;
		};
		9CA3F8A92C3D9B600003776D /* Debug */ = {
			isa = XCBuildConfiguration;
			buildSettings = {
				ALWAYS_EMBED_SWIFT_STANDARD_LIBRARIES = YES;
				CODE_SIGN_STYLE = Automatic;
				CURRENT_PROJECT_VERSION = 1;
				GENERATE_INFOPLIST_FILE = YES;
				IPHONEOS_DEPLOYMENT_TARGET = 15.0;
				MACOSX_DEPLOYMENT_TARGET = 13.0;
				MARKETING_VERSION = 1.0;
				PRODUCT_BUNDLE_IDENTIFIER = com.iosinterview.InterviewUITests;
				PRODUCT_NAME = "$(TARGET_NAME)";
				SDKROOT = auto;
				SUPPORTED_PLATFORMS = "iphoneos iphonesimulator";
				SUPPORTS_MACCATALYST = NO;
				SWIFT_EMIT_LOC_STRINGS = NO;
				SWIFT_VERSION = 5.0;
				TARGETED_DEVICE_FAMILY = "1,2";
				TEST_TARGET_NAME = Interview;
			};
			name = Debug;
		};
		9CA3F8AA2C3D9B600003776D /* Release */ = {
			isa = XCBuildConfiguration;
			buildSettings = {
				ALWAYS_EMBED_SWIFT_STANDARD_LIBRARIES = YES;
				CODE_SIGN_STYLE = Automatic;
				CURRENT_PROJECT_VERSION = 1;
				GENERATE_INFOPLIST_FILE = YES;
				IPHONEOS_DEPLOYMENT_TARGET = 15.0;
				MACOSX_DEPLOYMENT_TARGET = 13.0;
				MARKETING_VERSION = 1.0;
				PRODUCT_BUNDLE_IDENTIFIER = com.iosinterview.InterviewUITests;
				PRODUCT_NAME = "$(TARGET_NAME)";
				SDKROOT = auto;
				SUPPORTED_PLATFORMS = "iphoneos iphonesimulator";
				SUPPORTS_MACCATALYST = NO;
				SWIFT_EMIT_LOC_STRINGS = NO;
				SWIFT_VERSION = 5.0;
				TARGETED_DEVICE_FAMILY = "1,2";
				TEST_TARGET_NAME = Interview;
			};
			name = Release;
		};
/* End XCBuildConfiguration section */

/* Begin XCConfigurationList section */
		9CA3F8782C3D9B5E0003776D /* Build configuration list for PBXProject "MovieApp" */ = {
			isa = XCConfigurationList;
			buildConfigurations = (
				9CA3F8A02C3D9B600003776D /* Debug */,
				9CA3F8A12C3D9B600003776D /* Release */,
			);
			defaultConfigurationIsVisible = 0;
			defaultConfigurationName = Release;
		};
		9CA3F8A22C3D9B600003776D /* Build configuration list for PBXNativeTarget "MovieApp" */ = {
			isa = XCConfigurationList;
			buildConfigurations = (
				9CA3F8A32C3D9B600003776D /* Debug */,
				9CA3F8A42C3D9B600003776D /* Release */,
			);
			defaultConfigurationIsVisible = 0;
			defaultConfigurationName = Release;
		};
		9CA3F8A52C3D9B600003776D /* Build configuration list for PBXNativeTarget "MovieAppTests" */ = {
			isa = XCConfigurationList;
			buildConfigurations = (
				9CA3F8A62C3D9B600003776D /* Debug */,
				9CA3F8A72C3D9B600003776D /* Release */,
			);
			defaultConfigurationIsVisible = 0;
			defaultConfigurationName = Release;
		};
		9CA3F8A82C3D9B600003776D /* Build configuration list for PBXNativeTarget "MovieAppUITests" */ = {
			isa = XCConfigurationList;
			buildConfigurations = (
				9CA3F8A92C3D9B600003776D /* Debug */,
				9CA3F8AA2C3D9B600003776D /* Release */,
			);
			defaultConfigurationIsVisible = 0;
			defaultConfigurationName = Release;
		};
/* End XCConfigurationList section */
	};
	rootObject = 9CA3F8752C3D9B5E0003776D /* Project object */;
}
